
Microsoft Visual Studio Solution File, Format Version 12.00
# Visual Studio Version 17
VisualStudioVersion = 17.8.34511.84
MinimumVisualStudioVersion = 10.0.40219.1
Project("{FAE04EC0-301F-11D3-BF4B-00C04F79EFBC}") = "InternKYC", "InternKYC.csproj", "{92DBC9BA-56AB-4A9E-BDA7-2849641A39EB}"
EndProject
Global
	GlobalSection(SolutionConfigurationPlatforms) = preSolution
		Debug|Any CPU = Debug|Any CPU
		Release|Any CPU = Release|Any CPU
	EndGlobalSection
	GlobalSection(ProjectConfigurationPlatforms) = postSolution
		{92DBC9BA-56AB-4A9E-BDA7-2849641A39EB}.Debug|Any CPU.ActiveCfg = Debug|Any CPU
		{92DBC9BA-56AB-4A9E-BDA7-2849641A39EB}.Debug|Any CPU.Build.0 = Debug|Any CPU
		{92DBC9BA-56AB-4A9E-BDA7-2849641A39EB}.Release|Any CPU.ActiveCfg = Release|Any CPU
		{92DBC9BA-56AB-4A9E-BDA7-2849641A39EB}.Release|Any CPU.Build.0 = Release|Any CPU
	EndGlobalSection
	GlobalSection(SolutionProperties) = preSolution
		HideSolutionNode = FALSE
	EndGlobalSection
	GlobalSection(ExtensibilityGlobals) = postSolution
		SolutionGuid = {A28CACF0-EF3A-4228-95A4-D089F8FF2914}
	EndGlobalSection
EndGlobal
